
Microsoft Visual Studio Solution File, Format Version 12.00
# Visual Studio Version 16
VisualStudioVersion = 16.0.31205.134
MinimumVisualStudioVersion = 10.0.40219.1
Project("{FAE04EC0-301F-11D3-BF4B-00C04F79EFBC}") = "Inheritance", "Inheritance.csproj", "{A09A7C88-0916-4AF6-80AE-A99A175D8E2D}"
EndProject
Global
	GlobalSection(SolutionConfigurationPlatforms) = preSolution
		Debug|Any CPU = Debug|Any CPU
		Release|Any CPU = Release|Any CPU
	EndGlobalSection
	GlobalSection(ProjectConfigurationPlatforms) = postSolution
		{A09A7C88-0916-4AF6-80AE-A99A175D8E2D}.Debug|Any CPU.ActiveCfg = Debug|Any CPU
		{A09A7C88-0916-4AF6-80AE-A99A175D8E2D}.Debug|Any CPU.Build.0 = Debug|Any CPU
		{A09A7C88-0916-4AF6-80AE-A99A175D8E2D}.Release|Any CPU.ActiveCfg = Release|Any CPU
		{A09A7C88-0916-4AF6-80AE-A99A175D8E2D}.Release|Any CPU.Build.0 = Release|Any CPU
	EndGlobalSection
	GlobalSection(SolutionProperties) = preSolution
		HideSolutionNode = FALSE
	EndGlobalSection
	GlobalSection(ExtensibilityGlobals) = postSolution
		SolutionGuid = {F0C6C1A1-E54B-45E1-811E-EFA71A303A19}
	EndGlobalSection
EndGlobal
